
Microsoft Visual Studio Solution File, Format Version 12.00
# Visual Studio Version 17
VisualStudioVersion = 17.0.31903.59
MinimumVisualStudioVersion = 10.0.40219.1
Project("{FAE04EC0-301F-11D3-BF4B-00C04F79EFBC}") = "API", "API\API.csproj", "{C2D10A41-A671-472F-8EFB-1D0AB947B662}"
EndProject
Project("{FAE04EC0-301F-11D3-BF4B-00C04F79EFBC}") = "Core", "Core\Core.csproj", "{45157ED8-B148-4516-97B1-3FD8275F5CDC}"
EndProject
Project("{FAE04EC0-301F-11D3-BF4B-00C04F79EFBC}") = "Infrastructure", "Infrastructure\Infrastructure.csproj", "{E5846C70-2E21-4DEE-AE2C-E47AE436A8AF}"
EndProject
Global
	GlobalSection(SolutionConfigurationPlatforms) = preSolution
		Debug|Any CPU = Debug|Any CPU
		Release|Any CPU = Release|Any CPU
	EndGlobalSection
	GlobalSection(SolutionProperties) = preSolution
		HideSolutionNode = FALSE
	EndGlobalSection
	GlobalSection(ProjectConfigurationPlatforms) = postSolution
		{C2D10A41-A671-472F-8EFB-1D0AB947B662}.Debug|Any CPU.ActiveCfg = Debug|Any CPU
		{C2D10A41-A671-472F-8EFB-1D0AB947B662}.Debug|Any CPU.Build.0 = Debug|Any CPU
		{C2D10A41-A671-472F-8EFB-1D0AB947B662}.Release|Any CPU.ActiveCfg = Release|Any CPU
		{C2D10A41-A671-472F-8EFB-1D0AB947B662}.Release|Any CPU.Build.0 = Release|Any CPU
		{45157ED8-B148-4516-97B1-3FD8275F5CDC}.Debug|Any CPU.ActiveCfg = Debug|Any CPU
		{45157ED8-B148-4516-97B1-3FD8275F5CDC}.Debug|Any CPU.Build.0 = Debug|Any CPU
		{45157ED8-B148-4516-97B1-3FD8275F5CDC}.Release|Any CPU.ActiveCfg = Release|Any CPU
		{45157ED8-B148-4516-97B1-3FD8275F5CDC}.Release|Any CPU.Build.0 = Release|Any CPU
		{E5846C70-2E21-4DEE-AE2C-E47AE436A8AF}.Debug|Any CPU.ActiveCfg = Debug|Any CPU
		{E5846C70-2E21-4DEE-AE2C-E47AE436A8AF}.Debug|Any CPU.Build.0 = Debug|Any CPU
		{E5846C70-2E21-4DEE-AE2C-E47AE436A8AF}.Release|Any CPU.ActiveCfg = Release|Any CPU
		{E5846C70-2E21-4DEE-AE2C-E47AE436A8AF}.Release|Any CPU.Build.0 = Release|Any CPU
	EndGlobalSection
EndGlobal
